
Microsoft Visual Studio Solution File, Format Version 11.00
# Visual Studio 2010
Project("{FAE04EC0-301F-11D3-BF4B-00C04F79EFBC}") = "PatchBuilder.NET", "PatchBuilder\PatchBuilder.NET.csproj", "{189820A8-EAC0-4CF7-A8F3-F7082EF55F47}"
EndProject
Project("{FAE04EC0-301F-11D3-BF4B-00C04F79EFBC}") = "PatchDeployer", "PatchDeployer\PatchDeployer.csproj", "{4BDCECC9-A095-4921-97F2-375329A97885}"
EndProject
Project("{FAE04EC0-301F-11D3-BF4B-00C04F79EFBC}") = "Logger", "Logger\Logger.csproj", "{E9285B18-7B61-433B-B520-ADFE4C0497A1}"
EndProject
Global
	GlobalSection(SolutionConfigurationPlatforms) = preSolution
		Debug|Any CPU = Debug|Any CPU
		Debug|Mixed Platforms = Debug|Mixed Platforms
		Debug|x86 = Debug|x86
		Release|Any CPU = Release|Any CPU
		Release|Mixed Platforms = Release|Mixed Platforms
		Release|x86 = Release|x86
	EndGlobalSection
	GlobalSection(ProjectConfigurationPlatforms) = postSolution
		{189820A8-EAC0-4CF7-A8F3-F7082EF55F47}.Debug|Any CPU.ActiveCfg = Debug|x86
		{189820A8-EAC0-4CF7-A8F3-F7082EF55F47}.Debug|Mixed Platforms.ActiveCfg = Debug|x86
		{189820A8-EAC0-4CF7-A8F3-F7082EF55F47}.Debug|Mixed Platforms.Build.0 = Debug|x86
		{189820A8-EAC0-4CF7-A8F3-F7082EF55F47}.Debug|x86.ActiveCfg = Debug|x86
		{189820A8-EAC0-4CF7-A8F3-F7082EF55F47}.Debug|x86.Build.0 = Debug|x86
		{189820A8-EAC0-4CF7-A8F3-F7082EF55F47}.Release|Any CPU.ActiveCfg = Release|x86
		{189820A8-EAC0-4CF7-A8F3-F7082EF55F47}.Release|Mixed Platforms.ActiveCfg = Release|x86
		{189820A8-EAC0-4CF7-A8F3-F7082EF55F47}.Release|Mixed Platforms.Build.0 = Release|x86
		{189820A8-EAC0-4CF7-A8F3-F7082EF55F47}.Release|x86.ActiveCfg = Release|x86
		{189820A8-EAC0-4CF7-A8F3-F7082EF55F47}.Release|x86.Build.0 = Release|x86
		{4BDCECC9-A095-4921-97F2-375329A97885}.Debug|Any CPU.ActiveCfg = Debug|x86
		{4BDCECC9-A095-4921-97F2-375329A97885}.Debug|Mixed Platforms.ActiveCfg = Debug|x86
		{4BDCECC9-A095-4921-97F2-375329A97885}.Debug|Mixed Platforms.Build.0 = Debug|x86
		{4BDCECC9-A095-4921-97F2-375329A97885}.Debug|x86.ActiveCfg = Debug|x86
		{4BDCECC9-A095-4921-97F2-375329A97885}.Debug|x86.Build.0 = Debug|x86
		{4BDCECC9-A095-4921-97F2-375329A97885}.Release|Any CPU.ActiveCfg = Release|x86
		{4BDCECC9-A095-4921-97F2-375329A97885}.Release|Mixed Platforms.ActiveCfg = Release|x86
		{4BDCECC9-A095-4921-97F2-375329A97885}.Release|Mixed Platforms.Build.0 = Release|x86
		{4BDCECC9-A095-4921-97F2-375329A97885}.Release|x86.ActiveCfg = Release|x86
		{4BDCECC9-A095-4921-97F2-375329A97885}.Release|x86.Build.0 = Release|x86
		{E9285B18-7B61-433B-B520-ADFE4C0497A1}.Debug|Any CPU.ActiveCfg = Debug|Any CPU
		{E9285B18-7B61-433B-B520-ADFE4C0497A1}.Debug|Any CPU.Build.0 = Debug|Any CPU
		{E9285B18-7B61-433B-B520-ADFE4C0497A1}.Debug|Mixed Platforms.ActiveCfg = Debug|Any CPU
		{E9285B18-7B61-433B-B520-ADFE4C0497A1}.Debug|Mixed Platforms.Build.0 = Debug|Any CPU
		{E9285B18-7B61-433B-B520-ADFE4C0497A1}.Debug|x86.ActiveCfg = Debug|Any CPU
		{E9285B18-7B61-433B-B520-ADFE4C0497A1}.Release|Any CPU.ActiveCfg = Release|Any CPU
		{E9285B18-7B61-433B-B520-ADFE4C0497A1}.Release|Any CPU.Build.0 = Release|Any CPU
		{E9285B18-7B61-433B-B520-ADFE4C0497A1}.Release|Mixed Platforms.ActiveCfg = Release|Any CPU
		{E9285B18-7B61-433B-B520-ADFE4C0497A1}.Release|Mixed Platforms.Build.0 = Release|Any CPU
		{E9285B18-7B61-433B-B520-ADFE4C0497A1}.Release|x86.ActiveCfg = Release|Any CPU
		{E9285B18-7B61-433B-B520-ADFE4C0497A1}.Release|x86.Build.0 = Release|Any CPU
	EndGlobalSection
	GlobalSection(SolutionProperties) = preSolution
		HideSolutionNode = FALSE
	EndGlobalSection
EndGlobal
